// !$*UTF8*$!
{
	archiveVersion = 1;
	classes = {
	};
	objectVersion = 48;
	objects = {

/* Begin PBXBuildFile section */
		CCF9657A1FA774AA00685247 /* ViewController.swift in Sources */ = {isa = PBXBuildFile; fileRef = CCF965791FA774AA00685247 /* ViewController.swift */; };
		CCF965821FA774AA00685247 /* LaunchScreen.storyboard in Resources */ = {isa = PBXBuildFile; fileRef = CCF965801FA774AA00685247 /* LaunchScreen.storyboard */; };
		CCF9658D1FA774AA00685247 /* BeaTesterTests.swift in Sources */ = {isa = PBXBuildFile; fileRef = CCF9658C1FA774AA00685247 /* BeaTesterTests.swift */; };
		CCF965981FA774AA00685247 /* BeaTesterUITests.swift in Sources */ = {isa = PBXBuildFile; fileRef = CCF965971FA774AA00685247 /* BeaTesterUITests.swift */; };
		CCF965AB1FA7757D00685247 /* CBeaconReceiver.swift in Sources */ = {isa = PBXBuildFile; fileRef = CCF965A51FA7757B00685247 /* CBeaconReceiver.swift */; };
		CCF965AC1FA7757D00685247 /* COMMON.swift in Sources */ = {isa = PBXBuildFile; fileRef = CCF965A61FA7757B00685247 /* COMMON.swift */; };
		CCF965AD1FA7757D00685247 /* iBeaconNotificationUtil.swift in Sources */ = {isa = PBXBuildFile; fileRef = CCF965A71FA7757B00685247 /* iBeaconNotificationUtil.swift */; };
		CCF965AE1FA7757D00685247 /* CUuidGenerator.swift in Sources */ = {isa = PBXBuildFile; fileRef = CCF965A81FA7757C00685247 /* CUuidGenerator.swift */; };
		CCF965AF1FA7757D00685247 /* CentralViewController.swift in Sources */ = {isa = PBXBuildFile; fileRef = CCF965A91FA7757C00685247 /* CentralViewController.swift */; };
		CCF965B01FA7757D00685247 /* CBeaconTransfer.swift in Sources */ = {isa = PBXBuildFile; fileRef = CCF965AA1FA7757C00685247 /* CBeaconTransfer.swift */; };
		CCF965B81FA7758F00685247 /* QRTakeViewController.swift in Sources */ = {isa = PBXBuildFile; fileRef = CCF965B11FA7758D00685247 /* QRTakeViewController.swift */; };
		CCF965B91FA7758F00685247 /* QRGenerator.swift in Sources */ = {isa = PBXBuildFile; fileRef = CCF965B21FA7758D00685247 /* QRGenerator.swift */; };
		CCF965BA1FA7758F00685247 /* LocationManager.swift in Sources */ = {isa = PBXBuildFile; fileRef = CCF965B31FA7758D00685247 /* LocationManager.swift */; };
		CCF965BB1FA7758F00685247 /* NotificationUtil.swift in Sources */ = {isa = PBXBuildFile; fileRef = CCF965B41FA7758E00685247 /* NotificationUtil.swift */; };
		CCF965BC1FA7758F00685247 /* PeripheralViewController.swift in Sources */ = {isa = PBXBuildFile; fileRef = CCF965B51FA7758E00685247 /* PeripheralViewController.swift */; };
		CCF965BD1FA7758F00685247 /* QRReader.swift in Sources */ = {isa = PBXBuildFile; fileRef = CCF965B61FA7758E00685247 /* QRReader.swift */; };
		CCF965BE1FA7758F00685247 /* NotificationController.swift in Sources */ = {isa = PBXBuildFile; fileRef = CCF965B71FA7758E00685247 /* NotificationController.swift */; };
		CCF965C61FA775A000685247 /* SosialUtility.swift in Sources */ = {isa = PBXBuildFile; fileRef = CCF965BF1FA7759E00685247 /* SosialUtility.swift */; };
		CCF965C71FA775A000685247 /* QRViewController.xib in Resources */ = {isa = PBXBuildFile; fileRef = CCF965C01FA7759E00685247 /* QRViewController.xib */; };
		CCF965C81FA775A000685247 /* QRTakeViewController.xib in Resources */ = {isa = PBXBuildFile; fileRef = CCF965C11FA7759E00685247 /* QRTakeViewController.xib */; };
		CCF965C91FA775A000685247 /* QRViewController.swift in Sources */ = {isa = PBXBuildFile; fileRef = CCF965C21FA7759E00685247 /* QRViewController.swift */; };
		CCF965CA1FA775A000685247 /* TestViewController.swift in Sources */ = {isa = PBXBuildFile; fileRef = CCF965C31FA7759F00685247 /* TestViewController.swift */; };
		CCF965CB1FA775A000685247 /* UserDefaultsUtil.swift in Sources */ = {isa = PBXBuildFile; fileRef = CCF965C41FA7759F00685247 /* UserDefaultsUtil.swift */; };
		CCF965CC1FA775A000685247 /* UIDoneTextField.swift in Sources */ = {isa = PBXBuildFile; fileRef = CCF965C51FA7759F00685247 /* UIDoneTextField.swift */; };
		CCF965CE1FA775CA00685247 /* AppDelegate.swift in Sources */ = {isa = PBXBuildFile; fileRef = CCF965CD1FA775CA00685247 /* AppDelegate.swift */; };
		CCF965D21FA7761400685247 /* img in Resources */ = {isa = PBXBuildFile; fileRef = CCF965D11FA7761400685247 /* img */; };
		CCF965D41FA7762A00685247 /* Main.storyboard in Resources */ = {isa = PBXBuildFile; fileRef = CCF965D31FA7762A00685247 /* Main.storyboard */; };
		CCF965D91FA77C2300685247 /* Assets.xcassets in Resources */ = {isa = PBXBuildFile; fileRef = CCF965D81FA77C2300685247 /* Assets.xcassets */; };
/* End PBXBuildFile section */

/* Begin PBXContainerItemProxy section */
		CCF965891FA774AA00685247 /* PBXContainerItemProxy */ = {
			isa = PBXContainerItemProxy;
			containerPortal = CCF9656C1FA774AA00685247 /* Project object */;
			proxyType = 1;
			remoteGlobalIDString = CCF965731FA774AA00685247;
			remoteInfo = BeaTester;
		};
		CCF965941FA774AA00685247 /* PBXContainerItemProxy */ = {
			isa = PBXContainerItemProxy;
			containerPortal = CCF9656C1FA774AA00685247 /* Project object */;
			proxyType = 1;
			remoteGlobalIDString = CCF965731FA774AA00685247;
			remoteInfo = BeaTester;
		};
/* End PBXContainerItemProxy section */

/* Begin PBXFileReference section */
		CCF965741FA774AA00685247 /* BeaTester.app */ = {isa = PBXFileReference; explicitFileType = wrapper.application; includeInIndex = 0; path = BeaTester.app; sourceTree = BUILT_PRODUCTS_DIR; };
		CCF965791FA774AA00685247 /* ViewController.swift */ = {isa = PBXFileReference; lastKnownFileType = sourcecode.swift; path = ViewController.swift; sourceTree = "<group>"; };
		CCF965811FA774AA00685247 /* Base */ = {isa = PBXFileReference; lastKnownFileType = file.storyboard; name = Base; path = Base.lproj/LaunchScreen.storyboard; sourceTree = "<group>"; };
		CCF965881FA774AA00685247 /* BeaTesterTests.xctest */ = {isa = PBXFileReference; explicitFileType = wrapper.cfbundle; includeInIndex = 0; path = BeaTesterTests.xctest; sourceTree = BUILT_PRODUCTS_DIR; };
		CCF9658C1FA774AA00685247 /* BeaTesterTests.swift */ = {isa = PBXFileReference; lastKnownFileType = sourcecode.swift; path = BeaTesterTests.swift; sourceTree = "<group>"; };
		CCF9658E1FA774AA00685247 /* Info.plist */ = {isa = PBXFileReference; lastKnownFileType = text.plist.xml; path = Info.plist; sourceTree = "<group>"; };
		CCF965931FA774AA00685247 /* BeaTesterUITests.xctest */ = {isa = PBXFileReference; explicitFileType = wrapper.cfbundle; includeInIndex = 0; path = BeaTesterUITests.xctest; sourceTree = BUILT_PRODUCTS_DIR; };
		CCF965971FA774AA00685247 /* BeaTesterUITests.swift */ = {isa = PBXFileReference; lastKnownFileType = sourcecode.swift; path = BeaTesterUITests.swift; sourceTree = "<group>"; };
		CCF965991FA774AA00685247 /* Info.plist */ = {isa = PBXFileReference; lastKnownFileType = text.plist.xml; path = Info.plist; sourceTree = "<group>"; };
		CCF965A51FA7757B00685247 /* CBeaconReceiver.swift */ = {isa = PBXFileReference; fileEncoding = 4; lastKnownFileType = sourcecode.swift; path = CBeaconReceiver.swift; sourceTree = "<group>"; };
		CCF965A61FA7757B00685247 /* COMMON.swift */ = {isa = PBXFileReference; fileEncoding = 4; lastKnownFileType = sourcecode.swift; path = COMMON.swift; sourceTree = "<group>"; };
		CCF965A71FA7757B00685247 /* iBeaconNotificationUtil.swift */ = {isa = PBXFileReference; fileEncoding = 4; lastKnownFileType = sourcecode.swift; path = iBeaconNotificationUtil.swift; sourceTree = "<group>"; };
		CCF965A81FA7757C00685247 /* CUuidGenerator.swift */ = {isa = PBXFileReference; fileEncoding = 4; lastKnownFileType = sourcecode.swift; path = CUuidGenerator.swift; sourceTree = "<group>"; };
		CCF965A91FA7757C00685247 /* CentralViewController.swift */ = {isa = PBXFileReference; fileEncoding = 4; lastKnownFileType = sourcecode.swift; path = CentralViewController.swift; sourceTree = "<group>"; };
		CCF965AA1FA7757C00685247 /* CBeaconTransfer.swift */ = {isa = PBXFileReference; fileEncoding = 4; lastKnownFileType = sourcecode.swift; path = CBeaconTransfer.swift; sourceTree = "<group>"; };
		CCF965B11FA7758D00685247 /* QRTakeViewController.swift */ = {isa = PBXFileReference; fileEncoding = 4; lastKnownFileType = sourcecode.swift; path = QRTakeViewController.swift; sourceTree = "<group>"; };
		CCF965B21FA7758D00685247 /* QRGenerator.swift */ = {isa = PBXFileReference; fileEncoding = 4; lastKnownFileType = sourcecode.swift; path = QRGenerator.swift; sourceTree = "<group>"; };
		CCF965B31FA7758D00685247 /* LocationManager.swift */ = {isa = PBXFileReference; fileEncoding = 4; lastKnownFileType = sourcecode.swift; path = LocationManager.swift; sourceTree = "<group>"; };
		CCF965B41FA7758E00685247 /* NotificationUtil.swift */ = {isa = PBXFileReference; fileEncoding = 4; lastKnownFileType = sourcecode.swift; path = NotificationUtil.swift; sourceTree = "<group>"; };
		CCF965B51FA7758E00685247 /* PeripheralViewController.swift */ = {isa = PBXFileReference; fileEncoding = 4; lastKnownFileType = sourcecode.swift; path = PeripheralViewController.swift; sourceTree = "<group>"; };
		CCF965B61FA7758E00685247 /* QRReader.swift */ = {isa = PBXFileReference; fileEncoding = 4; lastKnownFileType = sourcecode.swift; path = QRReader.swift; sourceTree = "<group>"; };
		CCF965B71FA7758E00685247 /* NotificationController.swift */ = {isa = PBXFileReference; fileEncoding = 4; lastKnownFileType = sourcecode.swift; path = NotificationController.swift; sourceTree = "<group>"; };
		CCF965BF1FA7759E00685247 /* SosialUtility.swift */ = {isa = PBXFileReference; fileEncoding = 4; lastKnownFileType = sourcecode.swift; path = SosialUtility.swift; sourceTree = "<group>"; };
		CCF965C01FA7759E00685247 /* QRViewController.xib */ = {isa = PBXFileReference; fileEncoding = 4; lastKnownFileType = file.xib; path = QRViewController.xib; sourceTree = "<group>"; };
		CCF965C11FA7759E00685247 /* QRTakeViewController.xib */ = {isa = PBXFileReference; fileEncoding = 4; lastKnownFileType = file.xib; path = QRTakeViewController.xib; sourceTree = "<group>"; };
		CCF965C21FA7759E00685247 /* QRViewController.swift */ = {isa = PBXFileReference; fileEncoding = 4; lastKnownFileType = sourcecode.swift; path = QRViewController.swift; sourceTree = "<group>"; };
		CCF965C31FA7759F00685247 /* TestViewController.swift */ = {isa = PBXFileReference; fileEncoding = 4; lastKnownFileType = sourcecode.swift; path = TestViewController.swift; sourceTree = "<group>"; };
		CCF965C41FA7759F00685247 /* UserDefaultsUtil.swift */ = {isa = PBXFileReference; fileEncoding = 4; lastKnownFileType = sourcecode.swift; path = UserDefaultsUtil.swift; sourceTree = "<group>"; };
		CCF965C51FA7759F00685247 /* UIDoneTextField.swift */ = {isa = PBXFileReference; fileEncoding = 4; lastKnownFileType = sourcecode.swift; path = UIDoneTextField.swift; sourceTree = "<group>"; };
		CCF965CD1FA775CA00685247 /* AppDelegate.swift */ = {isa = PBXFileReference; fileEncoding = 4; lastKnownFileType = sourcecode.swift; path = AppDelegate.swift; sourceTree = "<group>"; };
		CCF965D11FA7761400685247 /* img */ = {isa = PBXFileReference; lastKnownFileType = folder; path = img; sourceTree = "<group>"; };
		CCF965D31FA7762A00685247 /* Main.storyboard */ = {isa = PBXFileReference; fileEncoding = 4; lastKnownFileType = file.storyboard; path = Main.storyboard; sourceTree = "<group>"; };
		CCF965D51FA776A500685247 /* Info.plist */ = {isa = PBXFileReference; lastKnownFileType = text.plist.xml; path = Info.plist; sourceTree = "<group>"; };
		CCF965D81FA77C2300685247 /* Assets.xcassets */ = {isa = PBXFileReference; lastKnownFileType = folder.assetcatalog; path = Assets.xcassets; sourceTree = "<group>"; };
/* End PBXFileReference section */

/* Begin PBXFrameworksBuildPhase section */
		CCF965711FA774AA00685247 /* Frameworks */ = {
			isa = PBXFrameworksBuildPhase;
			buildActionMask = 2147483647;
			files = (
			);
			runOnlyForDeploymentPostprocessing = 0;
		};
		CCF965851FA774AA00685247 /* Frameworks */ = {
			isa = PBXFrameworksBuildPhase;
			buildActionMask = 2147483647;
			files = (
			);
			runOnlyForDeploymentPostprocessing = 0;
		};
		CCF965901FA774AA00685247 /* Frameworks */ = {
			isa = PBXFrameworksBuildPhase;
			buildActionMask = 2147483647;
			files = (
			);
			runOnlyForDeploymentPostprocessing = 0;
		};
/* End PBXFrameworksBuildPhase section */

/* Begin PBXGroup section */
		CCF9656B1FA774AA00685247 = {
			isa = PBXGroup;
			children = (
				CCF965761FA774AA00685247 /* BeaTester */,
				CCF9658B1FA774AA00685247 /* BeaTesterTests */,
				CCF965961FA774AA00685247 /* BeaTesterUITests */,
				CCF965751FA774AA00685247 /* Products */,
			);
			sourceTree = "<group>";
		};
		CCF965751FA774AA00685247 /* Products */ = {
			isa = PBXGroup;
			children = (
				CCF965741FA774AA00685247 /* BeaTester.app */,
				CCF965881FA774AA00685247 /* BeaTesterTests.xctest */,
				CCF965931FA774AA00685247 /* BeaTesterUITests.xctest */,
			);
			name = Products;
			sourceTree = "<group>";
		};
		CCF965761FA774AA00685247 /* BeaTester */ = {
			isa = PBXGroup;
			children = (
				CCF965D81FA77C2300685247 /* Assets.xcassets */,
				CCF965CD1FA775CA00685247 /* AppDelegate.swift */,
				CCF965791FA774AA00685247 /* ViewController.swift */,
				CCF965A51FA7757B00685247 /* CBeaconReceiver.swift */,
				CCF965AA1FA7757C00685247 /* CBeaconTransfer.swift */,
				CCF965A91FA7757C00685247 /* CentralViewController.swift */,
				CCF965A61FA7757B00685247 /* COMMON.swift */,
				CCF965A81FA7757C00685247 /* CUuidGenerator.swift */,
				CCF965A71FA7757B00685247 /* iBeaconNotificationUtil.swift */,
				CCF965B31FA7758D00685247 /* LocationManager.swift */,
				CCF965B71FA7758E00685247 /* NotificationController.swift */,
				CCF965B41FA7758E00685247 /* NotificationUtil.swift */,
				CCF965B51FA7758E00685247 /* PeripheralViewController.swift */,
				CCF965B21FA7758D00685247 /* QRGenerator.swift */,
				CCF965B61FA7758E00685247 /* QRReader.swift */,
				CCF965B11FA7758D00685247 /* QRTakeViewController.swift */,
				CCF965C11FA7759E00685247 /* QRTakeViewController.xib */,
				CCF965C21FA7759E00685247 /* QRViewController.swift */,
				CCF965C01FA7759E00685247 /* QRViewController.xib */,
				CCF965BF1FA7759E00685247 /* SosialUtility.swift */,
				CCF965C31FA7759F00685247 /* TestViewController.swift */,
				CCF965C51FA7759F00685247 /* UIDoneTextField.swift */,
				CCF965C41FA7759F00685247 /* UserDefaultsUtil.swift */,
				CCF965D31FA7762A00685247 /* Main.storyboard */,
				CCF965801FA774AA00685247 /* LaunchScreen.storyboard */,
				CCF965D51FA776A500685247 /* Info.plist */,
				CCF965D11FA7761400685247 /* img */,
			);
			path = BeaTester;
			sourceTree = "<group>";
		};
		CCF9658B1FA774AA00685247 /* BeaTesterTests */ = {
			isa = PBXGroup;
			children = (
				CCF9658C1FA774AA00685247 /* BeaTesterTests.swift */,
				CCF9658E1FA774AA00685247 /* Info.plist */,
			);
			path = BeaTesterTests;
			sourceTree = "<group>";
		};
		CCF965961FA774AA00685247 /* BeaTesterUITests */ = {
			isa = PBXGroup;
			children = (
				CCF965971FA774AA00685247 /* BeaTesterUITests.swift */,
				CCF965991FA774AA00685247 /* Info.plist */,
			);
			path = BeaTesterUITests;
			sourceTree = "<group>";
		};
/* End PBXGroup section */

/* Begin PBXNativeTarget section */
		CCF965731FA774AA00685247 /* BeaTester */ = {
			isa = PBXNativeTarget;
			buildConfigurationList = CCF9659C1FA774AA00685247 /* Build configuration list for PBXNativeTarget "BeaTester" */;
			buildPhases = (
				CCF965701FA774AA00685247 /* Sources */,
				CCF965711FA774AA00685247 /* Frameworks */,
				CCF965721FA774AA00685247 /* Resources */,
			);
			buildRules = (
			);
			dependencies = (
			);
			name = BeaTester;
			productName = BeaTester;
			productReference = CCF965741FA774AA00685247 /* BeaTester.app */;
			productType = "com.apple.product-type.application";
		};
		CCF965871FA774AA00685247 /* BeaTesterTests */ = {
			isa = PBXNativeTarget;
			buildConfigurationList = CCF9659F1FA774AA00685247 /* Build configuration list for PBXNativeTarget "BeaTesterTests" */;
			buildPhases = (
				CCF965841FA774AA00685247 /* Sources */,
				CCF965851FA774AA00685247 /* Frameworks */,
				CCF965861FA774AA00685247 /* Resources */,
			);
			buildRules = (
			);
			dependencies = (
				CCF9658A1FA774AA00685247 /* PBXTargetDependency */,
			);
			name = BeaTesterTests;
			productName = BeaTesterTests;
			productReference = CCF965881FA774AA00685247 /* BeaTesterTests.xctest */;
			productType = "com.apple.product-type.bundle.unit-test";
		};
		CCF965921FA774AA00685247 /* BeaTesterUITests */ = {
			isa = PBXNativeTarget;
			buildConfigurationList = CCF965A21FA774AA00685247 /* Build configuration list for PBXNativeTarget "BeaTesterUITests" */;
			buildPhases = (
				CCF9658F1FA774AA00685247 /* Sources */,
				CCF965901FA774AA00685247 /* Frameworks */,
				CCF965911FA774AA00685247 /* Resources */,
			);
			buildRules = (
			);
			dependencies = (
				CCF965951FA774AA00685247 /* PBXTargetDependency */,
			);
			name = BeaTesterUITests;
			productName = BeaTesterUITests;
			productReference = CCF965931FA774AA00685247 /* BeaTesterUITests.xctest */;
			productType = "com.apple.product-type.bundle.ui-testing";
		};
/* End PBXNativeTarget section */

/* Begin PBXProject section */
		CCF9656C1FA774AA00685247 /* Project object */ = {
			isa = PBXProject;
			attributes = {
				LastSwiftUpdateCheck = 0900;
				LastUpgradeCheck = 0900;
				ORGANIZATIONNAME = "井口陽介";
				TargetAttributes = {
					CCF965731FA774AA00685247 = {
						CreatedOnToolsVersion = 9.0.1;
						ProvisioningStyle = Automatic;
					};
					CCF965871FA774AA00685247 = {
						CreatedOnToolsVersion = 9.0.1;
						ProvisioningStyle = Automatic;
						TestTargetID = CCF965731FA774AA00685247;
					};
					CCF965921FA774AA00685247 = {
						CreatedOnToolsVersion = 9.0.1;
						ProvisioningStyle = Automatic;
						TestTargetID = CCF965731FA774AA00685247;
					};
				};
			};
			buildConfigurationList = CCF9656F1FA774AA00685247 /* Build configuration list for PBXProject "BeaTester" */;
			compatibilityVersion = "Xcode 8.0";
			developmentRegion = en;
			hasScannedForEncodings = 0;
			knownRegions = (
				en,
				Base,
			);
			mainGroup = CCF9656B1FA774AA00685247;
			productRefGroup = CCF965751FA774AA00685247 /* Products */;
			projectDirPath = "";
			projectRoot = "";
			targets = (
				CCF965731FA774AA00685247 /* BeaTester */,
				CCF965871FA774AA00685247 /* BeaTesterTests */,
				CCF965921FA774AA00685247 /* BeaTesterUITests */,
			);
		};
/* End PBXProject section */

/* Begin PBXResourcesBuildPhase section */
		CCF965721FA774AA00685247 /* Resources */ = {
			isa = PBXResourcesBuildPhase;
			buildActionMask = 2147483647;
			files = (
				CCF965D21FA7761400685247 /* img in Resources */,
				CCF965821FA774AA00685247 /* LaunchScreen.storyboard in Resources */,
				CCF965D41FA7762A00685247 /* Main.storyboard in Resources */,
				CCF965C81FA775A000685247 /* QRTakeViewController.xib in Resources */,
				CCF965D91FA77C2300685247 /* Assets.xcassets in Resources */,
				CCF965C71FA775A000685247 /* QRViewController.xib in Resources */,
			);
			runOnlyForDeploymentPostprocessing = 0;
		};
		CCF965861FA774AA00685247 /* Resources */ = {
			isa = PBXResourcesBuildPhase;
			buildActionMask = 2147483647;
			files = (
			);
			runOnlyForDeploymentPostprocessing = 0;
		};
		CCF965911FA774AA00685247 /* Resources */ = {
			isa = PBXResourcesBuildPhase;
			buildActionMask = 2147483647;
			files = (
			);
			runOnlyForDeploymentPostprocessing = 0;
		};
/* End PBXResourcesBuildPhase section */

/* Begin PBXSourcesBuildPhase section */
		CCF965701FA774AA00685247 /* Sources */ = {
			isa = PBXSourcesBuildPhase;
			buildActionMask = 2147483647;
			files = (
				CCF965BE1FA7758F00685247 /* NotificationController.swift in Sources */,
				CCF965B01FA7757D00685247 /* CBeaconTransfer.swift in Sources */,
				CCF965C91FA775A000685247 /* QRViewController.swift in Sources */,
				CCF965BD1FA7758F00685247 /* QRReader.swift in Sources */,
				CCF965AE1FA7757D00685247 /* CUuidGenerator.swift in Sources */,
				CCF965BB1FA7758F00685247 /* NotificationUtil.swift in Sources */,
				CCF965BC1FA7758F00685247 /* PeripheralViewController.swift in Sources */,
				CCF965B91FA7758F00685247 /* QRGenerator.swift in Sources */,
				CCF965CE1FA775CA00685247 /* AppDelegate.swift in Sources */,
				CCF965BA1FA7758F00685247 /* LocationManager.swift in Sources */,
				CCF965CC1FA775A000685247 /* UIDoneTextField.swift in Sources */,
				CCF965AC1FA7757D00685247 /* COMMON.swift in Sources */,
				CCF965B81FA7758F00685247 /* QRTakeViewController.swift in Sources */,
				CCF965CB1FA775A000685247 /* UserDefaultsUtil.swift in Sources */,
				CCF965AD1FA7757D00685247 /* iBeaconNotificationUtil.swift in Sources */,
				CCF965AF1FA7757D00685247 /* CentralViewController.swift in Sources */,
				CCF9657A1FA774AA00685247 /* ViewController.swift in Sources */,
				CCF965C61FA775A000685247 /* SosialUtility.swift in Sources */,
				CCF965AB1FA7757D00685247 /* CBeaconReceiver.swift in Sources */,
				CCF965CA1FA775A000685247 /* TestViewController.swift in Sources */,
			);
			runOnlyForDeploymentPostprocessing = 0;
		};
		CCF965841FA774AA00685247 /* Sources */ = {
			isa = PBXSourcesBuildPhase;
			buildActionMask = 2147483647;
			files = (
				CCF9658D1FA774AA00685247 /* BeaTesterTests.swift in Sources */,
			);
			runOnlyForDeploymentPostprocessing = 0;
		};
		CCF9658F1FA774AA00685247 /* Sources */ = {
			isa = PBXSourcesBuildPhase;
			buildActionMask = 2147483647;
			files = (
				CCF965981FA774AA00685247 /* BeaTesterUITests.swift in Sources */,
			);
			runOnlyForDeploymentPostprocessing = 0;
		};
/* End PBXSourcesBuildPhase section */

/* Begin PBXTargetDependency section */
		CCF9658A1FA774AA00685247 /* PBXTargetDependency */ = {
			isa = PBXTargetDependency;
			target = CCF965731FA774AA00685247 /* BeaTester */;
			targetProxy = CCF965891FA774AA00685247 /* PBXContainerItemProxy */;
		};
		CCF965951FA774AA00685247 /* PBXTargetDependency */ = {
			isa = PBXTargetDependency;
			target = CCF965731FA774AA00685247 /* BeaTester */;
			targetProxy = CCF965941FA774AA00685247 /* PBXContainerItemProxy */;
		};
/* End PBXTargetDependency section */

/* Begin PBXVariantGroup section */
		CCF965801FA774AA00685247 /* LaunchScreen.storyboard */ = {
			isa = PBXVariantGroup;
			children = (
				CCF965811FA774AA00685247 /* Base */,
			);
			name = LaunchScreen.storyboard;
			sourceTree = "<group>";
		};
/* End PBXVariantGroup section */

/* Begin XCBuildConfiguration section */
		CCF9659A1FA774AA00685247 /* Debug */ = {
			isa = XCBuildConfiguration;
			buildSettings = {
				ALWAYS_SEARCH_USER_PATHS = NO;
				CLANG_ANALYZER_NONNULL = YES;
				CLANG_ANALYZER_NUMBER_OBJECT_CONVERSION = YES_AGGRESSIVE;
				CLANG_CXX_LANGUAGE_STANDARD = "gnu++14";
				CLANG_CXX_LIBRARY = "libc++";
				CLANG_ENABLE_MODULES = YES;
				CLANG_ENABLE_OBJC_ARC = YES;
				CLANG_WARN_BLOCK_CAPTURE_AUTORELEASING = YES;
				CLANG_WARN_BOOL_CONVERSION = YES;
				CLANG_WARN_COMMA = YES;
				CLANG_WARN_CONSTANT_CONVERSION = YES;
				CLANG_WARN_DIRECT_OBJC_ISA_USAGE = YES_ERROR;
				CLANG_WARN_DOCUMENTATION_COMMENTS = YES;
				CLANG_WARN_EMPTY_BODY = YES;
				CLANG_WARN_ENUM_CONVERSION = YES;
				CLANG_WARN_INFINITE_RECURSION = YES;
				CLANG_WARN_INT_CONVERSION = YES;
				CLANG_WARN_NON_LITERAL_NULL_CONVERSION = YES;
				CLANG_WARN_OBJC_LITERAL_CONVERSION = YES;
				CLANG_WARN_OBJC_ROOT_CLASS = YES_ERROR;
				CLANG_WARN_RANGE_LOOP_ANALYSIS = YES;
				CLANG_WARN_STRICT_PROTOTYPES = YES;
				CLANG_WARN_SUSPICIOUS_MOVE = YES;
				CLANG_WARN_UNGUARDED_AVAILABILITY = YES_AGGRESSIVE;
				CLANG_WARN_UNREACHABLE_CODE = YES;
				CLANG_WARN__DUPLICATE_METHOD_MATCH = YES;
				CODE_SIGN_IDENTITY = "iPhone Developer";
				COPY_PHASE_STRIP = NO;
				DEBUG_INFORMATION_FORMAT = dwarf;
				ENABLE_STRICT_OBJC_MSGSEND = YES;
				ENABLE_TESTABILITY = YES;
				GCC_C_LANGUAGE_STANDARD = gnu11;
				GCC_DYNAMIC_NO_PIC = NO;
				GCC_NO_COMMON_BLOCKS = YES;
				GCC_OPTIMIZATION_LEVEL = 0;
				GCC_PREPROCESSOR_DEFINITIONS = (
					"DEBUG=1",
					"$(inherited)",
				);
				GCC_WARN_64_TO_32_BIT_CONVERSION = YES;
				GCC_WARN_ABOUT_RETURN_TYPE = YES_ERROR;
				GCC_WARN_UNDECLARED_SELECTOR = YES;
				GCC_WARN_UNINITIALIZED_AUTOS = YES_AGGRESSIVE;
				GCC_WARN_UNUSED_FUNCTION = YES;
				GCC_WARN_UNUSED_VARIABLE = YES;
				IPHONEOS_DEPLOYMENT_TARGET = 11.0;
				MTL_ENABLE_DEBUG_INFO = YES;
				ONLY_ACTIVE_ARCH = YES;
				SDKROOT = iphoneos;
				SWIFT_ACTIVE_COMPILATION_CONDITIONS = DEBUG;
				SWIFT_OPTIMIZATION_LEVEL = "-Onone";
			};
			name = Debug;
		};
		CCF9659B1FA774AA00685247 /* Release */ = {
			isa = XCBuildConfiguration;
			buildSettings = {
				ALWAYS_SEARCH_USER_PATHS = NO;
				CLANG_ANALYZER_NONNULL = YES;
				CLANG_ANALYZER_NUMBER_OBJECT_CONVERSION = YES_AGGRESSIVE;
				CLANG_CXX_LANGUAGE_STANDARD = "gnu++14";
				CLANG_CXX_LIBRARY = "libc++";
				CLANG_ENABLE_MODULES = YES;
				CLANG_ENABLE_OBJC_ARC = YES;
				CLANG_WARN_BLOCK_CAPTURE_AUTORELEASING = YES;
				CLANG_WARN_BOOL_CONVERSION = YES;
				CLANG_WARN_COMMA = YES;
				CLANG_WARN_CONSTANT_CONVERSION = YES;
				CLANG_WARN_DIRECT_OBJC_ISA_USAGE = YES_ERROR;
				CLANG_WARN_DOCUMENTATION_COMMENTS = YES;
				CLANG_WARN_EMPTY_BODY = YES;
				CLANG_WARN_ENUM_CONVERSION = YES;
				CLANG_WARN_INFINITE_RECURSION = YES;
				CLANG_WARN_INT_CONVERSION = YES;
				CLANG_WARN_NON_LITERAL_NULL_CONVERSION = YES;
				CLANG_WARN_OBJC_LITERAL_CONVERSION = YES;
				CLANG_WARN_OBJC_ROOT_CLASS = YES_ERROR;
				CLANG_WARN_RANGE_LOOP_ANALYSIS = YES;
				CLANG_WARN_STRICT_PROTOTYPES = YES;
				CLANG_WARN_SUSPICIOUS_MOVE = YES;
				CLANG_WARN_UNGUARDED_AVAILABILITY = YES_AGGRESSIVE;
				CLANG_WARN_UNREACHABLE_CODE = YES;
				CLANG_WARN__DUPLICATE_METHOD_MATCH = YES;
				CODE_SIGN_IDENTITY = "iPhone Developer";
				COPY_PHASE_STRIP = NO;
				DEBUG_INFORMATION_FORMAT = "dwarf-with-dsym";
				ENABLE_NS_ASSERTIONS = NO;
				ENABLE_STRICT_OBJC_MSGSEND = YES;
				GCC_C_LANGUAGE_STANDARD = gnu11;
				GCC_NO_COMMON_BLOCKS = YES;
				GCC_WARN_64_TO_32_BIT_CONVERSION = YES;
				GCC_WARN_ABOUT_RETURN_TYPE = YES_ERROR;
				GCC_WARN_UNDECLARED_SELECTOR = YES;
				GCC_WARN_UNINITIALIZED_AUTOS = YES_AGGRESSIVE;
				GCC_WARN_UNUSED_FUNCTION = YES;
				GCC_WARN_UNUSED_VARIABLE = YES;
				IPHONEOS_DEPLOYMENT_TARGET = 11.0;
				MTL_ENABLE_DEBUG_INFO = NO;
				SDKROOT = iphoneos;
				SWIFT_OPTIMIZATION_LEVEL = "-Owholemodule";
				VALIDATE_PRODUCT = YES;
			};
			name = Release;
		};
		CCF9659D1FA774AA00685247 /* Debug */ = {
			isa = XCBuildConfiguration;
			buildSettings = {
				ASSETCATALOG_COMPILER_APPICON_NAME = AppIcon;
				CODE_SIGN_STYLE = Automatic;
				DEVELOPMENT_TEAM = S42QQG2S96;
				INFOPLIST_FILE = BeaTester/Info.plist;
				IPHONEOS_DEPLOYMENT_TARGET = 9.3;
				LD_RUNPATH_SEARCH_PATHS = "$(inherited) @executable_path/Frameworks";
				NEW_SETTING = "";
				"NEW_SETTING[arch=*]" = "SWIFT_WHOLE_MODULE_OPTIMIZATION = YES";
				PRODUCT_BUNDLE_IDENTIFIER = jp.co.chabotech.iBeaconTest;
				PRODUCT_NAME = "$(TARGET_NAME)";
				SWIFT_VERSION = 4.0;
				TARGETED_DEVICE_FAMILY = "1,2";
			};
			name = Debug;
		};
		CCF9659E1FA774AA00685247 /* Release */ = {
			isa = XCBuildConfiguration;
			buildSettings = {
				ASSETCATALOG_COMPILER_APPICON_NAME = AppIcon;
				CODE_SIGN_STYLE = Automatic;
				DEVELOPMENT_TEAM = S42QQG2S96;
				INFOPLIST_FILE = BeaTester/Info.plist;
				IPHONEOS_DEPLOYMENT_TARGET = 9.3;
				LD_RUNPATH_SEARCH_PATHS = "$(inherited) @executable_path/Frameworks";
				NEW_SETTING = "";
				PRODUCT_BUNDLE_IDENTIFIER = jp.co.chabotech.iBeaconTest;
				PRODUCT_NAME = "$(TARGET_NAME)";
				SWIFT_VERSION = 4.0;
				TARGETED_DEVICE_FAMILY = "1,2";
			};
			name = Release;
		};
		CCF965A01FA774AA00685247 /* Debug */ = {
			isa = XCBuildConfiguration;
			buildSettings = {
				ALWAYS_EMBED_SWIFT_STANDARD_LIBRARIES = YES;
				BUNDLE_LOADER = "$(TEST_HOST)";
				CODE_SIGN_STYLE = Automatic;
				INFOPLIST_FILE = BeaTesterTests/Info.plist;
				LD_RUNPATH_SEARCH_PATHS = "$(inherited) @executable_path/Frameworks @loader_path/Frameworks";
				PRODUCT_BUNDLE_IDENTIFIER = jp.co.chabotech.BeaTesterTests;
				PRODUCT_NAME = "$(TARGET_NAME)";
				SWIFT_VERSION = 4.0;
				TARGETED_DEVICE_FAMILY = "1,2";
				TEST_HOST = "$(BUILT_PRODUCTS_DIR)/BeaTester.app/BeaTester";
			};
			name = Debug;
		};
		CCF965A11FA774AA00685247 /* Release */ = {
			isa = XCBuildConfiguration;
			buildSettings = {
				ALWAYS_EMBED_SWIFT_STANDARD_LIBRARIES = YES;
				BUNDLE_LOADER = "$(TEST_HOST)";
				CODE_SIGN_STYLE = Automatic;
				INFOPLIST_FILE = BeaTesterTests/Info.plist;
				LD_RUNPATH_SEARCH_PATHS = "$(inherited) @executable_path/Frameworks @loader_path/Frameworks";
				PRODUCT_BUNDLE_IDENTIFIER = jp.co.chabotech.BeaTesterTests;
				PRODUCT_NAME = "$(TARGET_NAME)";
				SWIFT_VERSION = 4.0;
				TARGETED_DEVICE_FAMILY = "1,2";
				TEST_HOST = "$(BUILT_PRODUCTS_DIR)/BeaTester.app/BeaTester";
			};
			name = Release;
		};
		CCF965A31FA774AA00685247 /* Debug */ = {
			isa = XCBuildConfiguration;
			buildSettings = {
				ALWAYS_EMBED_SWIFT_STANDARD_LIBRARIES = YES;
				CODE_SIGN_STYLE = Automatic;
				INFOPLIST_FILE = BeaTesterUITests/Info.plist;
				LD_RUNPATH_SEARCH_PATHS = "$(inherited) @executable_path/Frameworks @loader_path/Frameworks";
				PRODUCT_BUNDLE_IDENTIFIER = jp.co.chabotech.BeaTesterUITests;
				PRODUCT_NAME = "$(TARGET_NAME)";
				SWIFT_VERSION = 4.0;
				TARGETED_DEVICE_FAMILY = "1,2";
				TEST_TARGET_NAME = BeaTester;
			};
			name = Debug;
		};
		CCF965A41FA774AA00685247 /* Release */ = {
			isa = XCBuildConfiguration;
			buildSettings = {
				ALWAYS_EMBED_SWIFT_STANDARD_LIBRARIES = YES;
				CODE_SIGN_STYLE = Automatic;
				INFOPLIST_FILE = BeaTesterUITests/Info.plist;
				LD_RUNPATH_SEARCH_PATHS = "$(inherited) @executable_path/Frameworks @loader_path/Frameworks";
				PRODUCT_BUNDLE_IDENTIFIER = jp.co.chabotech.BeaTesterUITests;
				PRODUCT_NAME = "$(TARGET_NAME)";
				SWIFT_VERSION = 4.0;
				TARGETED_DEVICE_FAMILY = "1,2";
				TEST_TARGET_NAME = BeaTester;
			};
			name = Release;
		};
/* End XCBuildConfiguration section */

/* Begin XCConfigurationList section */
		CCF9656F1FA774AA00685247 /* Build configuration list for PBXProject "BeaTester" */ = {
			isa = XCConfigurationList;
			buildConfigurations = (
				CCF9659A1FA774AA00685247 /* Debug */,
				CCF9659B1FA774AA00685247 /* Release */,
			);
			defaultConfigurationIsVisible = 0;
			defaultConfigurationName = Release;
		};
		CCF9659C1FA774AA00685247 /* Build configuration list for PBXNativeTarget "BeaTester" */ = {
			isa = XCConfigurationList;
			buildConfigurations = (
				CCF9659D1FA774AA00685247 /* Debug */,
				CCF9659E1FA774AA00685247 /* Release */,
			);
			defaultConfigurationIsVisible = 0;
			defaultConfigurationName = Release;
		};
		CCF9659F1FA774AA00685247 /* Build configuration list for PBXNativeTarget "BeaTesterTests" */ = {
			isa = XCConfigurationList;
			buildConfigurations = (
				CCF965A01FA774AA00685247 /* Debug */,
				CCF965A11FA774AA00685247 /* Release */,
			);
			defaultConfigurationIsVisible = 0;
			defaultConfigurationName = Release;
		};
		CCF965A21FA774AA00685247 /* Build configuration list for PBXNativeTarget "BeaTesterUITests" */ = {
			isa = XCConfigurationList;
			buildConfigurations = (
				CCF965A31FA774AA00685247 /* Debug */,
				CCF965A41FA774AA00685247 /* Release */,
			);
			defaultConfigurationIsVisible = 0;
			defaultConfigurationName = Release;
		};
/* End XCConfigurationList section */
	};
	rootObject = CCF9656C1FA774AA00685247 /* Project object */;
}
